
Microsoft Visual Studio Solution File, Format Version 12.00
# Visual Studio 15
VisualStudioVersion = 15.0.27703.2042
MinimumVisualStudioVersion = 10.0.40219.1
Project("{FAE04EC0-301F-11D3-BF4B-00C04F79EFBC}") = "Leandrovboas.CopaFilmes.Mvc", "Sistema\04 - Apresentacao\Leandrovboas.CopaFilmes.Mvc\Leandrovboas.CopaFilmes.Mvc.csproj", "{948EA1EB-F541-4504-9B21-B116C6893D71}"
EndProject
Project("{2150E333-8FDC-42A3-9474-1A3956D46DE8}") = "Sistema", "Sistema", "{9132BD4A-828E-40C9-B792-EEBB260A2FB2}"
EndProject
Project("{2150E333-8FDC-42A3-9474-1A3956D46DE8}") = "04_Apresentacao", "04_Apresentacao", "{B575D59C-4B89-4238-996C-D72AB5643F85}"
EndProject
Project("{2150E333-8FDC-42A3-9474-1A3956D46DE8}") = "03_Aplicacao", "03_Aplicacao", "{D34D18AA-2801-4EA8-A576-F9F108D775EB}"
EndProject
Project("{2150E333-8FDC-42A3-9474-1A3956D46DE8}") = "02_Dominio", "02_Dominio", "{6E4E17AB-1626-4ABA-AA1A-1328DA2630C5}"
EndProject
Project("{2150E333-8FDC-42A3-9474-1A3956D46DE8}") = "01_Infra", "01_Infra", "{7EB0EFA2-9EA1-4A39-B09D-FFDEFDE06C14}"
EndProject
Project("{FAE04EC0-301F-11D3-BF4B-00C04F79EFBC}") = "Leandrovboas.CopaFilmes.Aplicacao", "Sistema\03 - Aplicacao\Leandrovboas.CopaFilmes.Aplicacao\Leandrovboas.CopaFilmes.Aplicacao.csproj", "{4956863E-BCBE-4C89-92EA-2BD4E41A75F7}"
EndProject
Project("{FAE04EC0-301F-11D3-BF4B-00C04F79EFBC}") = "Leandrovboas.CopaFilmes.Dominio", "Sistema\02 - Dominio\Leandrovboas.CopaFilmes.Dominio\Leandrovboas.CopaFilmes.Dominio.csproj", "{4E53E2DF-CBFA-4EA0-B70E-BA26BC4DBD93}"
EndProject
Project("{FAE04EC0-301F-11D3-BF4B-00C04F79EFBC}") = "Leandrovboas.CopaFilmes.Infra", "Sistema\01 - Infra\Leandrovboas.CopaFilmes.Infra\Leandrovboas.CopaFilmes.Infra.csproj", "{CCDDFC19-9183-41D0-97A5-191927A1991D}"
EndProject
Project("{2150E333-8FDC-42A3-9474-1A3956D46DE8}") = "Testes", "Testes", "{55A28785-0D0E-43FA-A18C-D049AD2C530F}"
EndProject
Project("{FAE04EC0-301F-11D3-BF4B-00C04F79EFBC}") = "Leandrovboas.CopaFilmes.Testes", "Testes\Leandrovboas.CopaFilmes.Testes\Leandrovboas.CopaFilmes.Testes.csproj", "{C1D33198-E275-4217-B0CC-981A604D8723}"
EndProject
Global
	GlobalSection(SolutionConfigurationPlatforms) = preSolution
		Debug|Any CPU = Debug|Any CPU
		Release|Any CPU = Release|Any CPU
	EndGlobalSection
	GlobalSection(ProjectConfigurationPlatforms) = postSolution
		{948EA1EB-F541-4504-9B21-B116C6893D71}.Debug|Any CPU.ActiveCfg = Debug|Any CPU
		{948EA1EB-F541-4504-9B21-B116C6893D71}.Debug|Any CPU.Build.0 = Debug|Any CPU
		{948EA1EB-F541-4504-9B21-B116C6893D71}.Release|Any CPU.ActiveCfg = Release|Any CPU
		{948EA1EB-F541-4504-9B21-B116C6893D71}.Release|Any CPU.Build.0 = Release|Any CPU
		{4956863E-BCBE-4C89-92EA-2BD4E41A75F7}.Debug|Any CPU.ActiveCfg = Debug|Any CPU
		{4956863E-BCBE-4C89-92EA-2BD4E41A75F7}.Debug|Any CPU.Build.0 = Debug|Any CPU
		{4956863E-BCBE-4C89-92EA-2BD4E41A75F7}.Release|Any CPU.ActiveCfg = Release|Any CPU
		{4956863E-BCBE-4C89-92EA-2BD4E41A75F7}.Release|Any CPU.Build.0 = Release|Any CPU
		{4E53E2DF-CBFA-4EA0-B70E-BA26BC4DBD93}.Debug|Any CPU.ActiveCfg = Debug|Any CPU
		{4E53E2DF-CBFA-4EA0-B70E-BA26BC4DBD93}.Debug|Any CPU.Build.0 = Debug|Any CPU
		{4E53E2DF-CBFA-4EA0-B70E-BA26BC4DBD93}.Release|Any CPU.ActiveCfg = Release|Any CPU
		{4E53E2DF-CBFA-4EA0-B70E-BA26BC4DBD93}.Release|Any CPU.Build.0 = Release|Any CPU
		{CCDDFC19-9183-41D0-97A5-191927A1991D}.Debug|Any CPU.ActiveCfg = Debug|Any CPU
		{CCDDFC19-9183-41D0-97A5-191927A1991D}.Debug|Any CPU.Build.0 = Debug|Any CPU
		{CCDDFC19-9183-41D0-97A5-191927A1991D}.Release|Any CPU.ActiveCfg = Release|Any CPU
		{CCDDFC19-9183-41D0-97A5-191927A1991D}.Release|Any CPU.Build.0 = Release|Any CPU
		{C1D33198-E275-4217-B0CC-981A604D8723}.Debug|Any CPU.ActiveCfg = Debug|Any CPU
		{C1D33198-E275-4217-B0CC-981A604D8723}.Debug|Any CPU.Build.0 = Debug|Any CPU
		{C1D33198-E275-4217-B0CC-981A604D8723}.Release|Any CPU.ActiveCfg = Release|Any CPU
		{C1D33198-E275-4217-B0CC-981A604D8723}.Release|Any CPU.Build.0 = Release|Any CPU
	EndGlobalSection
	GlobalSection(SolutionProperties) = preSolution
		HideSolutionNode = FALSE
	EndGlobalSection
	GlobalSection(NestedProjects) = preSolution
		{948EA1EB-F541-4504-9B21-B116C6893D71} = {B575D59C-4B89-4238-996C-D72AB5643F85}
		{B575D59C-4B89-4238-996C-D72AB5643F85} = {9132BD4A-828E-40C9-B792-EEBB260A2FB2}
		{D34D18AA-2801-4EA8-A576-F9F108D775EB} = {9132BD4A-828E-40C9-B792-EEBB260A2FB2}
		{6E4E17AB-1626-4ABA-AA1A-1328DA2630C5} = {9132BD4A-828E-40C9-B792-EEBB260A2FB2}
		{7EB0EFA2-9EA1-4A39-B09D-FFDEFDE06C14} = {9132BD4A-828E-40C9-B792-EEBB260A2FB2}
		{4956863E-BCBE-4C89-92EA-2BD4E41A75F7} = {D34D18AA-2801-4EA8-A576-F9F108D775EB}
		{4E53E2DF-CBFA-4EA0-B70E-BA26BC4DBD93} = {6E4E17AB-1626-4ABA-AA1A-1328DA2630C5}
		{CCDDFC19-9183-41D0-97A5-191927A1991D} = {7EB0EFA2-9EA1-4A39-B09D-FFDEFDE06C14}
		{C1D33198-E275-4217-B0CC-981A604D8723} = {55A28785-0D0E-43FA-A18C-D049AD2C530F}
	EndGlobalSection
	GlobalSection(ExtensibilityGlobals) = postSolution
		SolutionGuid = {E70381EC-0BB5-46A8-94F8-014DE9413C52}
	EndGlobalSection
EndGlobal
